// !$*UTF8*$!
{
	archiveVersion = 1;
	classes = {
	};
	objectVersion = 46;
	objects = {

/* Begin PBXBuildFile section */
		7F127184613CE315603FC9B7 /* Pods_mvvm.framework in Frameworks */ = {isa = PBXBuildFile; fileRef = 04876ABCF24F2418C34E8CAB /* Pods_mvvm.framework */; };
		D1AC4F951C59A44500A57E34 /* main.m in Sources */ = {isa = PBXBuildFile; fileRef = D1AC4F941C59A44500A57E34 /* main.m */; };
		D1AC4F981C59A44500A57E34 /* AppDelegate.m in Sources */ = {isa = PBXBuildFile; fileRef = D1AC4F971C59A44500A57E34 /* AppDelegate.m */; };
		D1AC4F9B1C59A44500A57E34 /* MainViewController.m in Sources */ = {isa = PBXBuildFile; fileRef = D1AC4F9A1C59A44500A57E34 /* MainViewController.m */; };
		D1AC4F9E1C59A44500A57E34 /* Main.storyboard in Resources */ = {isa = PBXBuildFile; fileRef = D1AC4F9C1C59A44500A57E34 /* Main.storyboard */; };
		D1AC4FA11C59A44500A57E34 /* mvvm.xcdatamodeld in Sources */ = {isa = PBXBuildFile; fileRef = D1AC4F9F1C59A44500A57E34 /* mvvm.xcdatamodeld */; };
		D1AC4FA31C59A44500A57E34 /* Assets.xcassets in Resources */ = {isa = PBXBuildFile; fileRef = D1AC4FA21C59A44500A57E34 /* Assets.xcassets */; };
		D1AC4FA61C59A44500A57E34 /* LaunchScreen.storyboard in Resources */ = {isa = PBXBuildFile; fileRef = D1AC4FA41C59A44500A57E34 /* LaunchScreen.storyboard */; };
		D1AC4FB11C59A44500A57E34 /* mvvmTests.m in Sources */ = {isa = PBXBuildFile; fileRef = D1AC4FB01C59A44500A57E34 /* mvvmTests.m */; };
		D1AC4FBC1C59A44500A57E34 /* mvvmUITests.m in Sources */ = {isa = PBXBuildFile; fileRef = D1AC4FBB1C59A44500A57E34 /* mvvmUITests.m */; };
		D1AC4FCB1C59AE6200A57E34 /* Drink.m in Sources */ = {isa = PBXBuildFile; fileRef = D1AC4FCA1C59AE6200A57E34 /* Drink.m */; };
		D1AC4FCE1C59AF6E00A57E34 /* DrinkViewModel.m in Sources */ = {isa = PBXBuildFile; fileRef = D1AC4FCD1C59AF6E00A57E34 /* DrinkViewModel.m */; };
		D1AC4FD11C59B45500A57E34 /* MyTableViewController.m in Sources */ = {isa = PBXBuildFile; fileRef = D1AC4FD01C59B45500A57E34 /* MyTableViewController.m */; };
		D1AC4FD41C59BA8000A57E34 /* MainViewModel.m in Sources */ = {isa = PBXBuildFile; fileRef = D1AC4FD31C59BA8000A57E34 /* MainViewModel.m */; };
		D1AC4FD71C59BEBB00A57E34 /* MainNavigationController.m in Sources */ = {isa = PBXBuildFile; fileRef = D1AC4FD61C59BEBB00A57E34 /* MainNavigationController.m */; };
		D1AC4FDD1C59CFD500A57E34 /* DrinkTableViewCell.m in Sources */ = {isa = PBXBuildFile; fileRef = D1AC4FDC1C59CFD500A57E34 /* DrinkTableViewCell.m */; };
/* End PBXBuildFile section */

/* Begin PBXContainerItemProxy section */
		D1AC4FAD1C59A44500A57E34 /* PBXContainerItemProxy */ = {
			isa = PBXContainerItemProxy;
			containerPortal = D1AC4F881C59A44400A57E34 /* Project object */;
			proxyType = 1;
			remoteGlobalIDString = D1AC4F8F1C59A44500A57E34;
			remoteInfo = mvvm;
		};
		D1AC4FB81C59A44500A57E34 /* PBXContainerItemProxy */ = {
			isa = PBXContainerItemProxy;
			containerPortal = D1AC4F881C59A44400A57E34 /* Project object */;
			proxyType = 1;
			remoteGlobalIDString = D1AC4F8F1C59A44500A57E34;
			remoteInfo = mvvm;
		};
/* End PBXContainerItemProxy section */

/* Begin PBXFileReference section */
		04876ABCF24F2418C34E8CAB /* Pods_mvvm.framework */ = {isa = PBXFileReference; explicitFileType = wrapper.framework; includeInIndex = 0; path = Pods_mvvm.framework; sourceTree = BUILT_PRODUCTS_DIR; };
		16EA84EFBE22B4F426138478 /* Pods-mvvm.release.xcconfig */ = {isa = PBXFileReference; includeInIndex = 1; lastKnownFileType = text.xcconfig; name = "Pods-mvvm.release.xcconfig"; path = "Pods/Target Support Files/Pods-mvvm/Pods-mvvm.release.xcconfig"; sourceTree = "<group>"; };
		342DDB60D03CA35ED97B6801 /* Pods-mvvm.debug.xcconfig */ = {isa = PBXFileReference; includeInIndex = 1; lastKnownFileType = text.xcconfig; name = "Pods-mvvm.debug.xcconfig"; path = "Pods/Target Support Files/Pods-mvvm/Pods-mvvm.debug.xcconfig"; sourceTree = "<group>"; };
		D1AC4F901C59A44500A57E34 /* mvvm.app */ = {isa = PBXFileReference; explicitFileType = wrapper.application; includeInIndex = 0; path = mvvm.app; sourceTree = BUILT_PRODUCTS_DIR; };
		D1AC4F941C59A44500A57E34 /* main.m */ = {isa = PBXFileReference; lastKnownFileType = sourcecode.c.objc; path = main.m; sourceTree = "<group>"; };
		D1AC4F961C59A44500A57E34 /* AppDelegate.h */ = {isa = PBXFileReference; lastKnownFileType = sourcecode.c.h; path = AppDelegate.h; sourceTree = "<group>"; };
		D1AC4F971C59A44500A57E34 /* AppDelegate.m */ = {isa = PBXFileReference; lastKnownFileType = sourcecode.c.objc; path = AppDelegate.m; sourceTree = "<group>"; };
		D1AC4F991C59A44500A57E34 /* MainViewController.h */ = {isa = PBXFileReference; lastKnownFileType = sourcecode.c.h; path = MainViewController.h; sourceTree = "<group>"; };
		D1AC4F9A1C59A44500A57E34 /* MainViewController.m */ = {isa = PBXFileReference; lastKnownFileType = sourcecode.c.objc; path = MainViewController.m; sourceTree = "<group>"; };
		D1AC4F9D1C59A44500A57E34 /* Base */ = {isa = PBXFileReference; lastKnownFileType = file.storyboard; name = Base; path = Base.lproj/Main.storyboard; sourceTree = "<group>"; };
		D1AC4FA01C59A44500A57E34 /* mvvm.xcdatamodel */ = {isa = PBXFileReference; lastKnownFileType = wrapper.xcdatamodel; path = mvvm.xcdatamodel; sourceTree = "<group>"; };
		D1AC4FA21C59A44500A57E34 /* Assets.xcassets */ = {isa = PBXFileReference; lastKnownFileType = folder.assetcatalog; path = Assets.xcassets; sourceTree = "<group>"; };
		D1AC4FA51C59A44500A57E34 /* Base */ = {isa = PBXFileReference; lastKnownFileType = file.storyboard; name = Base; path = Base.lproj/LaunchScreen.storyboard; sourceTree = "<group>"; };
		D1AC4FA71C59A44500A57E34 /* Info.plist */ = {isa = PBXFileReference; lastKnownFileType = text.plist.xml; path = Info.plist; sourceTree = "<group>"; };
		D1AC4FAC1C59A44500A57E34 /* mvvmTests.xctest */ = {isa = PBXFileReference; explicitFileType = wrapper.cfbundle; includeInIndex = 0; path = mvvmTests.xctest; sourceTree = BUILT_PRODUCTS_DIR; };
		D1AC4FB01C59A44500A57E34 /* mvvmTests.m */ = {isa = PBXFileReference; lastKnownFileType = sourcecode.c.objc; path = mvvmTests.m; sourceTree = "<group>"; };
		D1AC4FB21C59A44500A57E34 /* Info.plist */ = {isa = PBXFileReference; lastKnownFileType = text.plist.xml; path = Info.plist; sourceTree = "<group>"; };
		D1AC4FB71C59A44500A57E34 /* mvvmUITests.xctest */ = {isa = PBXFileReference; explicitFileType = wrapper.cfbundle; includeInIndex = 0; path = mvvmUITests.xctest; sourceTree = BUILT_PRODUCTS_DIR; };
		D1AC4FBB1C59A44500A57E34 /* mvvmUITests.m */ = {isa = PBXFileReference; lastKnownFileType = sourcecode.c.objc; path = mvvmUITests.m; sourceTree = "<group>"; };
		D1AC4FBD1C59A44500A57E34 /* Info.plist */ = {isa = PBXFileReference; lastKnownFileType = text.plist.xml; path = Info.plist; sourceTree = "<group>"; };
		D1AC4FC91C59AE6200A57E34 /* Drink.h */ = {isa = PBXFileReference; fileEncoding = 4; lastKnownFileType = sourcecode.c.h; path = Drink.h; sourceTree = "<group>"; };
		D1AC4FCA1C59AE6200A57E34 /* Drink.m */ = {isa = PBXFileReference; fileEncoding = 4; lastKnownFileType = sourcecode.c.objc; path = Drink.m; sourceTree = "<group>"; };
		D1AC4FCC1C59AF6E00A57E34 /* DrinkViewModel.h */ = {isa = PBXFileReference; fileEncoding = 4; lastKnownFileType = sourcecode.c.h; path = DrinkViewModel.h; sourceTree = "<group>"; };
		D1AC4FCD1C59AF6E00A57E34 /* DrinkViewModel.m */ = {isa = PBXFileReference; fileEncoding = 4; lastKnownFileType = sourcecode.c.objc; path = DrinkViewModel.m; sourceTree = "<group>"; };
		D1AC4FCF1C59B45500A57E34 /* MyTableViewController.h */ = {isa = PBXFileReference; fileEncoding = 4; lastKnownFileType = sourcecode.c.h; path = MyTableViewController.h; sourceTree = "<group>"; };
		D1AC4FD01C59B45500A57E34 /* MyTableViewController.m */ = {isa = PBXFileReference; fileEncoding = 4; lastKnownFileType = sourcecode.c.objc; path = MyTableViewController.m; sourceTree = "<group>"; };
		D1AC4FD21C59BA8000A57E34 /* MainViewModel.h */ = {isa = PBXFileReference; fileEncoding = 4; lastKnownFileType = sourcecode.c.h; path = MainViewModel.h; sourceTree = "<group>"; };
		D1AC4FD31C59BA8000A57E34 /* MainViewModel.m */ = {isa = PBXFileReference; fileEncoding = 4; lastKnownFileType = sourcecode.c.objc; path = MainViewModel.m; sourceTree = "<group>"; };
		D1AC4FD51C59BEBB00A57E34 /* MainNavigationController.h */ = {isa = PBXFileReference; fileEncoding = 4; lastKnownFileType = sourcecode.c.h; path = MainNavigationController.h; sourceTree = "<group>"; };
		D1AC4FD61C59BEBB00A57E34 /* MainNavigationController.m */ = {isa = PBXFileReference; fileEncoding = 4; lastKnownFileType = sourcecode.c.objc; path = MainNavigationController.m; sourceTree = "<group>"; };
		D1AC4FDB1C59CFD500A57E34 /* DrinkTableViewCell.h */ = {isa = PBXFileReference; fileEncoding = 4; lastKnownFileType = sourcecode.c.h; path = DrinkTableViewCell.h; sourceTree = "<group>"; };
		D1AC4FDC1C59CFD500A57E34 /* DrinkTableViewCell.m */ = {isa = PBXFileReference; fileEncoding = 4; lastKnownFileType = sourcecode.c.objc; path = DrinkTableViewCell.m; sourceTree = "<group>"; };
/* End PBXFileReference section */

/* Begin PBXFrameworksBuildPhase section */
		D1AC4F8D1C59A44500A57E34 /* Frameworks */ = {
			isa = PBXFrameworksBuildPhase;
			buildActionMask = 2147483647;
			files = (
				7F127184613CE315603FC9B7 /* Pods_mvvm.framework in Frameworks */,
			);
			runOnlyForDeploymentPostprocessing = 0;
		};
		D1AC4FA91C59A44500A57E34 /* Frameworks */ = {
			isa = PBXFrameworksBuildPhase;
			buildActionMask = 2147483647;
			files = (
			);
			runOnlyForDeploymentPostprocessing = 0;
		};
		D1AC4FB41C59A44500A57E34 /* Frameworks */ = {
			isa = PBXFrameworksBuildPhase;
			buildActionMask = 2147483647;
			files = (
			);
			runOnlyForDeploymentPostprocessing = 0;
		};
/* End PBXFrameworksBuildPhase section */

/* Begin PBXGroup section */
		1E13B2F50C17CE66B7BAAA07 /* Frameworks */ = {
			isa = PBXGroup;
			children = (
				04876ABCF24F2418C34E8CAB /* Pods_mvvm.framework */,
			);
			name = Frameworks;
			sourceTree = "<group>";
		};
		B3973CE899ABF802F868B65C /* Pods */ = {
			isa = PBXGroup;
			children = (
				342DDB60D03CA35ED97B6801 /* Pods-mvvm.debug.xcconfig */,
				16EA84EFBE22B4F426138478 /* Pods-mvvm.release.xcconfig */,
			);
			name = Pods;
			sourceTree = "<group>";
		};
		D1AC4F871C59A44400A57E34 = {
			isa = PBXGroup;
			children = (
				D1AC4F921C59A44500A57E34 /* mvvm */,
				D1AC4FAF1C59A44500A57E34 /* mvvmTests */,
				D1AC4FBA1C59A44500A57E34 /* mvvmUITests */,
				D1AC4F911C59A44500A57E34 /* Products */,
				B3973CE899ABF802F868B65C /* Pods */,
				1E13B2F50C17CE66B7BAAA07 /* Frameworks */,
			);
			sourceTree = "<group>";
		};
		D1AC4F911C59A44500A57E34 /* Products */ = {
			isa = PBXGroup;
			children = (
				D1AC4F901C59A44500A57E34 /* mvvm.app */,
				D1AC4FAC1C59A44500A57E34 /* mvvmTests.xctest */,
				D1AC4FB71C59A44500A57E34 /* mvvmUITests.xctest */,
			);
			name = Products;
			sourceTree = "<group>";
		};
		D1AC4F921C59A44500A57E34 /* mvvm */ = {
			isa = PBXGroup;
			children = (
				D1AC4F961C59A44500A57E34 /* AppDelegate.h */,
				D1AC4F971C59A44500A57E34 /* AppDelegate.m */,
				D1AC4FD21C59BA8000A57E34 /* MainViewModel.h */,
				D1AC4FD31C59BA8000A57E34 /* MainViewModel.m */,
				D1AC4FA21C59A44500A57E34 /* Assets.xcassets */,
				D1AC4FA71C59A44500A57E34 /* Info.plist */,
				D1AC4FA41C59A44500A57E34 /* LaunchScreen.storyboard */,
				D1AC4F9C1C59A44500A57E34 /* Main.storyboard */,
				D1AC4F9F1C59A44500A57E34 /* mvvm.xcdatamodeld */,
				D1AC4FC91C59AE6200A57E34 /* Drink.h */,
				D1AC4FCA1C59AE6200A57E34 /* Drink.m */,
				D1AC4FCC1C59AF6E00A57E34 /* DrinkViewModel.h */,
				D1AC4FCD1C59AF6E00A57E34 /* DrinkViewModel.m */,
				D1AC4FCF1C59B45500A57E34 /* MyTableViewController.h */,
				D1AC4FD01C59B45500A57E34 /* MyTableViewController.m */,
				D1AC4F931C59A44500A57E34 /* Supporting Files */,
				D1AC4F991C59A44500A57E34 /* MainViewController.h */,
				D1AC4F9A1C59A44500A57E34 /* MainViewController.m */,
				D1AC4FD51C59BEBB00A57E34 /* MainNavigationController.h */,
				D1AC4FD61C59BEBB00A57E34 /* MainNavigationController.m */,
				D1AC4FDB1C59CFD500A57E34 /* DrinkTableViewCell.h */,
				D1AC4FDC1C59CFD500A57E34 /* DrinkTableViewCell.m */,
			);
			path = mvvm;
			sourceTree = "<group>";
		};
		D1AC4F931C59A44500A57E34 /* Supporting Files */ = {
			isa = PBXGroup;
			children = (
				D1AC4F941C59A44500A57E34 /* main.m */,
			);
			name = "Supporting Files";
			sourceTree = "<group>";
		};
		D1AC4FAF1C59A44500A57E34 /* mvvmTests */ = {
			isa = PBXGroup;
			children = (
				D1AC4FB01C59A44500A57E34 /* mvvmTests.m */,
				D1AC4FB21C59A44500A57E34 /* Info.plist */,
			);
			path = mvvmTests;
			sourceTree = "<group>";
		};
		D1AC4FBA1C59A44500A57E34 /* mvvmUITests */ = {
			isa = PBXGroup;
			children = (
				D1AC4FBB1C59A44500A57E34 /* mvvmUITests.m */,
				D1AC4FBD1C59A44500A57E34 /* Info.plist */,
			);
			path = mvvmUITests;
			sourceTree = "<group>";
		};
/* End PBXGroup section */

/* Begin PBXNativeTarget section */
		D1AC4F8F1C59A44500A57E34 /* mvvm */ = {
			isa = PBXNativeTarget;
			buildConfigurationList = D1AC4FC01C59A44500A57E34 /* Build configuration list for PBXNativeTarget "mvvm" */;
			buildPhases = (
				A104B3FABB4AFB0BB4E7EAB7 /* Check Pods Manifest.lock */,
				D1AC4F8C1C59A44500A57E34 /* Sources */,
				D1AC4F8D1C59A44500A57E34 /* Frameworks */,
				D1AC4F8E1C59A44500A57E34 /* Resources */,
				30BB968A40A37056A6809313 /* Embed Pods Frameworks */,
				A52A254A652D4777AD3D564C /* Copy Pods Resources */,
			);
			buildRules = (
			);
			dependencies = (
			);
			name = mvvm;
			productName = mvvm;
			productReference = D1AC4F901C59A44500A57E34 /* mvvm.app */;
			productType = "com.apple.product-type.application";
		};
		D1AC4FAB1C59A44500A57E34 /* mvvmTests */ = {
			isa = PBXNativeTarget;
			buildConfigurationList = D1AC4FC31C59A44500A57E34 /* Build configuration list for PBXNativeTarget "mvvmTests" */;
			buildPhases = (
				D1AC4FA81C59A44500A57E34 /* Sources */,
				D1AC4FA91C59A44500A57E34 /* Frameworks */,
				D1AC4FAA1C59A44500A57E34 /* Resources */,
			);
			buildRules = (
			);
			dependencies = (
				D1AC4FAE1C59A44500A57E34 /* PBXTargetDependency */,
			);
			name = mvvmTests;
			productName = mvvmTests;
			productReference = D1AC4FAC1C59A44500A57E34 /* mvvmTests.xctest */;
			productType = "com.apple.product-type.bundle.unit-test";
		};
		D1AC4FB61C59A44500A57E34 /* mvvmUITests */ = {
			isa = PBXNativeTarget;
			buildConfigurationList = D1AC4FC61C59A44500A57E34 /* Build configuration list for PBXNativeTarget "mvvmUITests" */;
			buildPhases = (
				D1AC4FB31C59A44500A57E34 /* Sources */,
				D1AC4FB41C59A44500A57E34 /* Frameworks */,
				D1AC4FB51C59A44500A57E34 /* Resources */,
			);
			buildRules = (
			);
			dependencies = (
				D1AC4FB91C59A44500A57E34 /* PBXTargetDependency */,
			);
			name = mvvmUITests;
			productName = mvvmUITests;
			productReference = D1AC4FB71C59A44500A57E34 /* mvvmUITests.xctest */;
			productType = "com.apple.product-type.bundle.ui-testing";
		};
/* End PBXNativeTarget section */

/* Begin PBXProject section */
		D1AC4F881C59A44400A57E34 /* Project object */ = {
			isa = PBXProject;
			attributes = {
				LastUpgradeCheck = 0720;
				ORGANIZATIONNAME = com;
				TargetAttributes = {
					D1AC4F8F1C59A44500A57E34 = {
						CreatedOnToolsVersion = 7.2;
					};
					D1AC4FAB1C59A44500A57E34 = {
						CreatedOnToolsVersion = 7.2;
						TestTargetID = D1AC4F8F1C59A44500A57E34;
					};
					D1AC4FB61C59A44500A57E34 = {
						CreatedOnToolsVersion = 7.2;
						TestTargetID = D1AC4F8F1C59A44500A57E34;
					};
				};
			};
			buildConfigurationList = D1AC4F8B1C59A44400A57E34 /* Build configuration list for PBXProject "mvvm" */;
			compatibilityVersion = "Xcode 3.2";
			developmentRegion = English;
			hasScannedForEncodings = 0;
			knownRegions = (
				en,
				Base,
			);
			mainGroup = D1AC4F871C59A44400A57E34;
			productRefGroup = D1AC4F911C59A44500A57E34 /* Products */;
			projectDirPath = "";
			projectRoot = "";
			targets = (
				D1AC4F8F1C59A44500A57E34 /* mvvm */,
				D1AC4FAB1C59A44500A57E34 /* mvvmTests */,
				D1AC4FB61C59A44500A57E34 /* mvvmUITests */,
			);
		};
/* End PBXProject section */

/* Begin PBXResourcesBuildPhase section */
		D1AC4F8E1C59A44500A57E34 /* Resources */ = {
			isa = PBXResourcesBuildPhase;
			buildActionMask = 2147483647;
			files = (
				D1AC4FA61C59A44500A57E34 /* LaunchScreen.storyboard in Resources */,
				D1AC4FA31C59A44500A57E34 /* Assets.xcassets in Resources */,
				D1AC4F9E1C59A44500A57E34 /* Main.storyboard in Resources */,
			);
			runOnlyForDeploymentPostprocessing = 0;
		};
		D1AC4FAA1C59A44500A57E34 /* Resources */ = {
			isa = PBXResourcesBuildPhase;
			buildActionMask = 2147483647;
			files = (
			);
			runOnlyForDeploymentPostprocessing = 0;
		};
		D1AC4FB51C59A44500A57E34 /* Resources */ = {
			isa = PBXResourcesBuildPhase;
			buildActionMask = 2147483647;
			files = (
			);
			runOnlyForDeploymentPostprocessing = 0;
		};
/* End PBXResourcesBuildPhase section */

/* Begin PBXShellScriptBuildPhase section */
		30BB968A40A37056A6809313 /* Embed Pods Frameworks */ = {
			isa = PBXShellScriptBuildPhase;
			buildActionMask = 2147483647;
			files = (
			);
			inputPaths = (
			);
			name = "Embed Pods Frameworks";
			outputPaths = (
			);
			runOnlyForDeploymentPostprocessing = 0;
			shellPath = /bin/sh;
			shellScript = "\"${SRCROOT}/Pods/Target Support Files/Pods-mvvm/Pods-mvvm-frameworks.sh\"\n";
			showEnvVarsInLog = 0;
		};
		A104B3FABB4AFB0BB4E7EAB7 /* Check Pods Manifest.lock */ = {
			isa = PBXShellScriptBuildPhase;
			buildActionMask = 2147483647;
			files = (
			);
			inputPaths = (
			);
			name = "Check Pods Manifest.lock";
			outputPaths = (
			);
			runOnlyForDeploymentPostprocessing = 0;
			shellPath = /bin/sh;
			shellScript = "diff \"${PODS_ROOT}/../Podfile.lock\" \"${PODS_ROOT}/Manifest.lock\" > /dev/null\nif [[ $? != 0 ]] ; then\n    cat << EOM\nerror: The sandbox is not in sync with the Podfile.lock. Run 'pod install' or update your CocoaPods installation.\nEOM\n    exit 1\nfi\n";
			showEnvVarsInLog = 0;
		};
		A52A254A652D4777AD3D564C /* Copy Pods Resources */ = {
			isa = PBXShellScriptBuildPhase;
			buildActionMask = 2147483647;
			files = (
			);
			inputPaths = (
			);
			name = "Copy Pods Resources";
			outputPaths = (
			);
			runOnlyForDeploymentPostprocessing = 0;
			shellPath = /bin/sh;
			shellScript = "\"${SRCROOT}/Pods/Target Support Files/Pods-mvvm/Pods-mvvm-resources.sh\"\n";
			showEnvVarsInLog = 0;
		};
/* End PBXShellScriptBuildPhase section */

/* Begin PBXSourcesBuildPhase section */
		D1AC4F8C1C59A44500A57E34 /* Sources */ = {
			isa = PBXSourcesBuildPhase;
			buildActionMask = 2147483647;
			files = (
				D1AC4FCE1C59AF6E00A57E34 /* DrinkViewModel.m in Sources */,
				D1AC4F9B1C59A44500A57E34 /* MainViewController.m in Sources */,
				D1AC4FCB1C59AE6200A57E34 /* Drink.m in Sources */,
				D1AC4FD41C59BA8000A57E34 /* MainViewModel.m in Sources */,
				D1AC4F981C59A44500A57E34 /* AppDelegate.m in Sources */,
				D1AC4FD71C59BEBB00A57E34 /* MainNavigationController.m in Sources */,
				D1AC4FDD1C59CFD500A57E34 /* DrinkTableViewCell.m in Sources */,
				D1AC4FD11C59B45500A57E34 /* MyTableViewController.m in Sources */,
				D1AC4F951C59A44500A57E34 /* main.m in Sources */,
				D1AC4FA11C59A44500A57E34 /* mvvm.xcdatamodeld in Sources */,
			);
			runOnlyForDeploymentPostprocessing = 0;
		};
		D1AC4FA81C59A44500A57E34 /* Sources */ = {
			isa = PBXSourcesBuildPhase;
			buildActionMask = 2147483647;
			files = (
				D1AC4FB11C59A44500A57E34 /* mvvmTests.m in Sources */,
			);
			runOnlyForDeploymentPostprocessing = 0;
		};
		D1AC4FB31C59A44500A57E34 /* Sources */ = {
			isa = PBXSourcesBuildPhase;
			buildActionMask = 2147483647;
			files = (
				D1AC4FBC1C59A44500A57E34 /* mvvmUITests.m in Sources */,
			);
			runOnlyForDeploymentPostprocessing = 0;
		};
/* End PBXSourcesBuildPhase section */

/* Begin PBXTargetDependency section */
		D1AC4FAE1C59A44500A57E34 /* PBXTargetDependency */ = {
			isa = PBXTargetDependency;
			target = D1AC4F8F1C59A44500A57E34 /* mvvm */;
			targetProxy = D1AC4FAD1C59A44500A57E34 /* PBXContainerItemProxy */;
		};
		D1AC4FB91C59A44500A57E34 /* PBXTargetDependency */ = {
			isa = PBXTargetDependency;
			target = D1AC4F8F1C59A44500A57E34 /* mvvm */;
			targetProxy = D1AC4FB81C59A44500A57E34 /* PBXContainerItemProxy */;
		};
/* End PBXTargetDependency section */

/* Begin PBXVariantGroup section */
		D1AC4F9C1C59A44500A57E34 /* Main.storyboard */ = {
			isa = PBXVariantGroup;
			children = (
				D1AC4F9D1C59A44500A57E34 /* Base */,
			);
			name = Main.storyboard;
			sourceTree = "<group>";
		};
		D1AC4FA41C59A44500A57E34 /* LaunchScreen.storyboard */ = {
			isa = PBXVariantGroup;
			children = (
				D1AC4FA51C59A44500A57E34 /* Base */,
			);
			name = LaunchScreen.storyboard;
			sourceTree = "<group>";
		};
/* End PBXVariantGroup section */

/* Begin XCBuildConfiguration section */
		D1AC4FBE1C59A44500A57E34 /* Debug */ = {
			isa = XCBuildConfiguration;
			buildSettings = {
				ALWAYS_SEARCH_USER_PATHS = NO;
				CLANG_CXX_LANGUAGE_STANDARD = "gnu++0x";
				CLANG_CXX_LIBRARY = "libc++";
				CLANG_ENABLE_MODULES = YES;
				CLANG_ENABLE_OBJC_ARC = YES;
				CLANG_WARN_BOOL_CONVERSION = YES;
				CLANG_WARN_CONSTANT_CONVERSION = YES;
				CLANG_WARN_DIRECT_OBJC_ISA_USAGE = YES_ERROR;
				CLANG_WARN_EMPTY_BODY = YES;
				CLANG_WARN_ENUM_CONVERSION = YES;
				CLANG_WARN_INT_CONVERSION = YES;
				CLANG_WARN_OBJC_ROOT_CLASS = YES_ERROR;
				CLANG_WARN_UNREACHABLE_CODE = YES;
				CLANG_WARN__DUPLICATE_METHOD_MATCH = YES;
				"CODE_SIGN_IDENTITY[sdk=iphoneos*]" = "iPhone Developer";
				COPY_PHASE_STRIP = NO;
				DEBUG_INFORMATION_FORMAT = dwarf;
				ENABLE_STRICT_OBJC_MSGSEND = YES;
				ENABLE_TESTABILITY = YES;
				GCC_C_LANGUAGE_STANDARD = gnu99;
				GCC_DYNAMIC_NO_PIC = NO;
				GCC_NO_COMMON_BLOCKS = YES;
				GCC_OPTIMIZATION_LEVEL = 0;
				GCC_PREPROCESSOR_DEFINITIONS = (
					"DEBUG=1",
					"$(inherited)",
				);
				GCC_WARN_64_TO_32_BIT_CONVERSION = YES;
				GCC_WARN_ABOUT_RETURN_TYPE = YES_ERROR;
				GCC_WARN_UNDECLARED_SELECTOR = YES;
				GCC_WARN_UNINITIALIZED_AUTOS = YES_AGGRESSIVE;
				GCC_WARN_UNUSED_FUNCTION = YES;
				GCC_WARN_UNUSED_VARIABLE = YES;
				IPHONEOS_DEPLOYMENT_TARGET = 9.2;
				MTL_ENABLE_DEBUG_INFO = YES;
				ONLY_ACTIVE_ARCH = YES;
				SDKROOT = iphoneos;
				TARGETED_DEVICE_FAMILY = "1,2";
			};
			name = Debug;
		};
		D1AC4FBF1C59A44500A57E34 /* Release */ = {
			isa = XCBuildConfiguration;
			buildSettings = {
				ALWAYS_SEARCH_USER_PATHS = NO;
				CLANG_CXX_LANGUAGE_STANDARD = "gnu++0x";
				CLANG_CXX_LIBRARY = "libc++";
				CLANG_ENABLE_MODULES = YES;
				CLANG_ENABLE_OBJC_ARC = YES;
				CLANG_WARN_BOOL_CONVERSION = YES;
				CLANG_WARN_CONSTANT_CONVERSION = YES;
				CLANG_WARN_DIRECT_OBJC_ISA_USAGE = YES_ERROR;
				CLANG_WARN_EMPTY_BODY = YES;
				CLANG_WARN_ENUM_CONVERSION = YES;
				CLANG_WARN_INT_CONVERSION = YES;
				CLANG_WARN_OBJC_ROOT_CLASS = YES_ERROR;
				CLANG_WARN_UNREACHABLE_CODE = YES;
				CLANG_WARN__DUPLICATE_METHOD_MATCH = YES;
				"CODE_SIGN_IDENTITY[sdk=iphoneos*]" = "iPhone Developer";
				COPY_PHASE_STRIP = NO;
				DEBUG_INFORMATION_FORMAT = "dwarf-with-dsym";
				ENABLE_NS_ASSERTIONS = NO;
				ENABLE_STRICT_OBJC_MSGSEND = YES;
				GCC_C_LANGUAGE_STANDARD = gnu99;
				GCC_NO_COMMON_BLOCKS = YES;
				GCC_WARN_64_TO_32_BIT_CONVERSION = YES;
				GCC_WARN_ABOUT_RETURN_TYPE = YES_ERROR;
				GCC_WARN_UNDECLARED_SELECTOR = YES;
				GCC_WARN_UNINITIALIZED_AUTOS = YES_AGGRESSIVE;
				GCC_WARN_UNUSED_FUNCTION = YES;
				GCC_WARN_UNUSED_VARIABLE = YES;
				IPHONEOS_DEPLOYMENT_TARGET = 9.2;
				MTL_ENABLE_DEBUG_INFO = NO;
				SDKROOT = iphoneos;
				TARGETED_DEVICE_FAMILY = "1,2";
				VALIDATE_PRODUCT = YES;
			};
			name = Release;
		};
		D1AC4FC11C59A44500A57E34 /* Debug */ = {
			isa = XCBuildConfiguration;
			baseConfigurationReference = 342DDB60D03CA35ED97B6801 /* Pods-mvvm.debug.xcconfig */;
			buildSettings = {
				ASSETCATALOG_COMPILER_APPICON_NAME = AppIcon;
				INFOPLIST_FILE = mvvm/Info.plist;
				LD_RUNPATH_SEARCH_PATHS = "$(inherited) @executable_path/Frameworks";
				PRODUCT_BUNDLE_IDENTIFIER = ricky.mvvm;
				PRODUCT_NAME = "$(TARGET_NAME)";
			};
			name = Debug;
		};
		D1AC4FC21C59A44500A57E34 /* Release */ = {
			isa = XCBuildConfiguration;
			baseConfigurationReference = 16EA84EFBE22B4F426138478 /* Pods-mvvm.release.xcconfig */;
			buildSettings = {
				ASSETCATALOG_COMPILER_APPICON_NAME = AppIcon;
				INFOPLIST_FILE = mvvm/Info.plist;
				LD_RUNPATH_SEARCH_PATHS = "$(inherited) @executable_path/Frameworks";
				PRODUCT_BUNDLE_IDENTIFIER = ricky.mvvm;
				PRODUCT_NAME = "$(TARGET_NAME)";
			};
			name = Release;
		};
		D1AC4FC41C59A44500A57E34 /* Debug */ = {
			isa = XCBuildConfiguration;
			buildSettings = {
				BUNDLE_LOADER = "$(TEST_HOST)";
				INFOPLIST_FILE = mvvmTests/Info.plist;
				LD_RUNPATH_SEARCH_PATHS = "$(inherited) @executable_path/Frameworks @loader_path/Frameworks";
				PRODUCT_BUNDLE_IDENTIFIER = ricky.mvvmTests;
				PRODUCT_NAME = "$(TARGET_NAME)";
				TEST_HOST = "$(BUILT_PRODUCTS_DIR)/mvvm.app/mvvm";
			};
			name = Debug;
		};
		D1AC4FC51C59A44500A57E34 /* Release */ = {
			isa = XCBuildConfiguration;
			buildSettings = {
				BUNDLE_LOADER = "$(TEST_HOST)";
				INFOPLIST_FILE = mvvmTests/Info.plist;
				LD_RUNPATH_SEARCH_PATHS = "$(inherited) @executable_path/Frameworks @loader_path/Frameworks";
				PRODUCT_BUNDLE_IDENTIFIER = ricky.mvvmTests;
				PRODUCT_NAME = "$(TARGET_NAME)";
				TEST_HOST = "$(BUILT_PRODUCTS_DIR)/mvvm.app/mvvm";
			};
			name = Release;
		};
		D1AC4FC71C59A44500A57E34 /* Debug */ = {
			isa = XCBuildConfiguration;
			buildSettings = {
				INFOPLIST_FILE = mvvmUITests/Info.plist;
				LD_RUNPATH_SEARCH_PATHS = "$(inherited) @executable_path/Frameworks @loader_path/Frameworks";
				PRODUCT_BUNDLE_IDENTIFIER = ricky.mvvmUITests;
				PRODUCT_NAME = "$(TARGET_NAME)";
				TEST_TARGET_NAME = mvvm;
				USES_XCTRUNNER = YES;
			};
			name = Debug;
		};
		D1AC4FC81C59A44500A57E34 /* Release */ = {
			isa = XCBuildConfiguration;
			buildSettings = {
				INFOPLIST_FILE = mvvmUITests/Info.plist;
				LD_RUNPATH_SEARCH_PATHS = "$(inherited) @executable_path/Frameworks @loader_path/Frameworks";
				PRODUCT_BUNDLE_IDENTIFIER = ricky.mvvmUITests;
				PRODUCT_NAME = "$(TARGET_NAME)";
				TEST_TARGET_NAME = mvvm;
				USES_XCTRUNNER = YES;
			};
			name = Release;
		};
/* End XCBuildConfiguration section */

/* Begin XCConfigurationList section */
		D1AC4F8B1C59A44400A57E34 /* Build configuration list for PBXProject "mvvm" */ = {
			isa = XCConfigurationList;
			buildConfigurations = (
				D1AC4FBE1C59A44500A57E34 /* Debug */,
				D1AC4FBF1C59A44500A57E34 /* Release */,
			);
			defaultConfigurationIsVisible = 0;
			defaultConfigurationName = Release;
		};
		D1AC4FC01C59A44500A57E34 /* Build configuration list for PBXNativeTarget "mvvm" */ = {
			isa = XCConfigurationList;
			buildConfigurations = (
				D1AC4FC11C59A44500A57E34 /* Debug */,
				D1AC4FC21C59A44500A57E34 /* Release */,
			);
			defaultConfigurationIsVisible = 0;
			defaultConfigurationName = Release;
		};
		D1AC4FC31C59A44500A57E34 /* Build configuration list for PBXNativeTarget "mvvmTests" */ = {
			isa = XCConfigurationList;
			buildConfigurations = (
				D1AC4FC41C59A44500A57E34 /* Debug */,
				D1AC4FC51C59A44500A57E34 /* Release */,
			);
			defaultConfigurationIsVisible = 0;
			defaultConfigurationName = Release;
		};
		D1AC4FC61C59A44500A57E34 /* Build configuration list for PBXNativeTarget "mvvmUITests" */ = {
			isa = XCConfigurationList;
			buildConfigurations = (
				D1AC4FC71C59A44500A57E34 /* Debug */,
				D1AC4FC81C59A44500A57E34 /* Release */,
			);
			defaultConfigurationIsVisible = 0;
			defaultConfigurationName = Release;
		};
/* End XCConfigurationList section */

/* Begin XCVersionGroup section */
		D1AC4F9F1C59A44500A57E34 /* mvvm.xcdatamodeld */ = {
			isa = XCVersionGroup;
			children = (
				D1AC4FA01C59A44500A57E34 /* mvvm.xcdatamodel */,
			);
			currentVersion = D1AC4FA01C59A44500A57E34 /* mvvm.xcdatamodel */;
			path = mvvm.xcdatamodeld;
			sourceTree = "<group>";
			versionGroupType = wrapper.xcdatamodel;
		};
/* End XCVersionGroup section */
	};
	rootObject = D1AC4F881C59A44400A57E34 /* Project object */;
}
